{
  "name": "plasmax-tools",
  "version": "0.16.1",
  "lockfileVersion": 2,
  "requires": true,
  "packages": {
    "": {
      "name": "plasmax-tools",
      "version": "0.16.1",
      "license": "MIT",
      "dependencies": {
        "plasmax-core": "0.22.1"
      },
      "devDependencies": {
        "typescript": "5.2.2"
      }
    },
    "node_modules/plasmax-core": {
      "version": "0.22.1-dev.0",
      "resolved": "https://registry.npmjs.org/plasmax-core/-/plasmax-core-0.22.1-dev.0.tgz",
      "integrity": "sha512-aBFnmvTYv6522GKCpFCkoDUsed4XxAZt3XGPP6PPyBBFjoNaj6B5FZdqBDwcQ34bMB5/Y4pJ/i++FwzyxPbHHA=="
    },
    "node_modules/typescript": {
      "version": "5.2.2",
      "resolved": "https://registry.npmjs.org/typescript/-/typescript-5.2.2.tgz",
      "integrity": "sha512-mI4WrpHsbCIcwT9cF4FZvr80QUeKvsUsUvKDoR+X/7XHQH98xYD8YHZg7ANtz2GtZt/CBq2QJ0thkGJMHfqc1w==",
      "dev": true,
      "bin": {
        "tsc": "bin/tsc",
        "tsserver": "bin/tsserver"
      },
      "engines": {
        "node": ">=14.17"
      }
    }
  },
  "dependencies": {
    "plasmax-core": {
      "version": "0.22.1-dev.0",
      "resolved": "https://registry.npmjs.org/plasmax-core/-/plasmax-core-0.22.1-dev.0.tgz",
      "integrity": "sha512-aBFnmvTYv6522GKCpFCkoDUsed4XxAZt3XGPP6PPyBBFjoNaj6B5FZdqBDwcQ34bMB5/Y4pJ/i++FwzyxPbHHA=="
    },
    "typescript": {
      "version": "5.2.2",
      "resolved": "https://registry.npmjs.org/typescript/-/typescript-5.2.2.tgz",
      "integrity": "sha512-mI4WrpHsbCIcwT9cF4FZvr80QUeKvsUsUvKDoR+X/7XHQH98xYD8YHZg7ANtz2GtZt/CBq2QJ0thkGJMHfqc1w==",
      "dev": true
    }
  }
}
