{
  "name": "plasmax-tools",
  "version": "0.2.0",
  "lockfileVersion": 2,
  "requires": true,
  "packages": {
    "": {
      "name": "plasmax-tools",
      "version": "0.2.0",
      "license": "MIT",
      "dependencies": {
        "plasmax-core": "0.9.0"
      },
      "devDependencies": {
        "typescript": "5.2.2"
      }
    },
    "node_modules/plasmax-core": {
      "version": "0.9.0",
      "resolved": "https://registry.npmjs.org/plasmax-core/-/plasmax-core-0.9.0.tgz",
      "integrity": "sha512-44qmTW9PHGL3XqQ+b+hjfVGShAWAx3Xt1S0Id7UGsO1IJreqFFkn7ul8S2xEITX8XxRGsRCZEn3ZGoQyt+yVaA=="
    },
    "node_modules/typescript": {
      "version": "5.2.2",
      "resolved": "https://registry.npmjs.org/typescript/-/typescript-5.2.2.tgz",
      "integrity": "sha512-mI4WrpHsbCIcwT9cF4FZvr80QUeKvsUsUvKDoR+X/7XHQH98xYD8YHZg7ANtz2GtZt/CBq2QJ0thkGJMHfqc1w==",
      "dev": true,
      "bin": {
        "tsc": "bin/tsc",
        "tsserver": "bin/tsserver"
      },
      "engines": {
        "node": ">=14.17"
      }
    }
  },
  "dependencies": {
    "plasmax-core": {
      "version": "0.9.0",
      "resolved": "https://registry.npmjs.org/plasmax-core/-/plasmax-core-0.9.0.tgz",
      "integrity": "sha512-44qmTW9PHGL3XqQ+b+hjfVGShAWAx3Xt1S0Id7UGsO1IJreqFFkn7ul8S2xEITX8XxRGsRCZEn3ZGoQyt+yVaA=="
    },
    "typescript": {
      "version": "5.2.2",
      "resolved": "https://registry.npmjs.org/typescript/-/typescript-5.2.2.tgz",
      "integrity": "sha512-mI4WrpHsbCIcwT9cF4FZvr80QUeKvsUsUvKDoR+X/7XHQH98xYD8YHZg7ANtz2GtZt/CBq2QJ0thkGJMHfqc1w==",
      "dev": true
    }
  }
}
