{
  "name": "plasmax-b2c",
  "version": "0.4.0",
  "lockfileVersion": 3,
  "requires": true,
  "packages": {
    "": {
      "name": "plasmax-b2c",
      "version": "0.4.0",
      "license": "MIT",
      "dependencies": {
        "plasmax-web": "0.2.0"
      }
    },
    "node_modules/plasmax-web": {
      "version": "0.2.0",
      "resolved": "https://registry.npmjs.org/plasmax-web/-/plasmax-web-0.2.0.tgz",
      "integrity": "sha512-z7+HDQsXTy9Rz92rEHk2E1i+MuBTdKiV3FajWLaUdAmfoC89QK5ZdJNNRqO8pIQ4mBzyL2Ghr4d7H0BKgj885g=="
    }
  }
}
